
Microsoft Visual Studio Solution File, Format Version 12.00
# Visual Studio Version 17
VisualStudioVersion = 17.6.33829.357
MinimumVisualStudioVersion = 10.0.40219.1
Project("{9A19103F-16F7-4668-BE54-9A1E7A4F7556}") = "hello_world_api_ui", "hello_world_api_ui\hello_world_api_ui.csproj", "{9CE4CB74-7933-45B4-9A8B-BA6D7120B210}"
EndProject
Project("{9A19103F-16F7-4668-BE54-9A1E7A4F7556}") = "HelloWebApi", "HelloWebApi\HelloWebApi.csproj", "{B8723B63-9087-445B-A5C4-7B5068CA896A}"
EndProject
Project("{FAE04EC0-301F-11D3-BF4B-00C04F79EFBC}") = "ProductApp", "ProductApp\ProductApp.csproj", "{2B4C2959-81AD-49AB-A1AD-0DF854DA21BF}"
EndProject
Global
	GlobalSection(SolutionConfigurationPlatforms) = preSolution
		Debug|Any CPU = Debug|Any CPU
		Release|Any CPU = Release|Any CPU
	EndGlobalSection
	GlobalSection(ProjectConfigurationPlatforms) = postSolution
		{9CE4CB74-7933-45B4-9A8B-BA6D7120B210}.Debug|Any CPU.ActiveCfg = Debug|Any CPU
		{9CE4CB74-7933-45B4-9A8B-BA6D7120B210}.Debug|Any CPU.Build.0 = Debug|Any CPU
		{9CE4CB74-7933-45B4-9A8B-BA6D7120B210}.Release|Any CPU.ActiveCfg = Release|Any CPU
		{9CE4CB74-7933-45B4-9A8B-BA6D7120B210}.Release|Any CPU.Build.0 = Release|Any CPU
		{B8723B63-9087-445B-A5C4-7B5068CA896A}.Debug|Any CPU.ActiveCfg = Debug|Any CPU
		{B8723B63-9087-445B-A5C4-7B5068CA896A}.Debug|Any CPU.Build.0 = Debug|Any CPU
		{B8723B63-9087-445B-A5C4-7B5068CA896A}.Release|Any CPU.ActiveCfg = Release|Any CPU
		{B8723B63-9087-445B-A5C4-7B5068CA896A}.Release|Any CPU.Build.0 = Release|Any CPU
		{2B4C2959-81AD-49AB-A1AD-0DF854DA21BF}.Debug|Any CPU.ActiveCfg = Debug|Any CPU
		{2B4C2959-81AD-49AB-A1AD-0DF854DA21BF}.Debug|Any CPU.Build.0 = Debug|Any CPU
		{2B4C2959-81AD-49AB-A1AD-0DF854DA21BF}.Release|Any CPU.ActiveCfg = Release|Any CPU
		{2B4C2959-81AD-49AB-A1AD-0DF854DA21BF}.Release|Any CPU.Build.0 = Release|Any CPU
	EndGlobalSection
	GlobalSection(SolutionProperties) = preSolution
		HideSolutionNode = FALSE
	EndGlobalSection
	GlobalSection(ExtensibilityGlobals) = postSolution
		SolutionGuid = {8798EB36-A03C-48D9-B96C-75EE7CA60601}
	EndGlobalSection
EndGlobal
